{
  "lockfileVersion": 1,
  "workspaces": {
    "": {
      "dependencies": {
        "s-expression": "https://github.com/fwg/s-expression",
      },
      "devDependencies": {
        "@types/node": "^22.14.1",
        "node-zigar": "^0.14.0",
      },
    },
  },
  "packages": {
    "@types/node": ["@types/node@22.14.1", "", { "dependencies": { "undici-types": "~6.21.0" } }, "sha512-u0HuPQwe/dHrItgHHpmw3N2fYCR6x4ivMNbPHRkBVP4CvN+kiRrKHWk3i8tXiO/joPwXLMYvF9TTF0eqgHIuOw=="],

    "node-api-headers": ["node-api-headers@1.5.0", "", {}, "sha512-Yi/FgnN8IU/Cd6KeLxyHkylBUvDTsSScT0Tna2zTrz8klmc8qF2ppj6Q1LHsmOueJWhigQwR4cO2p0XBGW5IaQ=="],

    "node-zigar": ["node-zigar@0.14.0", "", { "dependencies": { "node-zigar-addon": "^0.14.0", "zigar-compiler": "^0.14.0" }, "bin": { "node-zigar": "bin/cli.js" } }, "sha512-KO1NzAMnQ/Tt1UBGbxjWTqoK+6r91hTcEklbHR6iFYqjlDr1XZInoCL5IyjbgmI3FsL/+Fj2FTImvlZ2WeJ+dw=="],

    "node-zigar-addon": ["node-zigar-addon@0.14.0", "", { "dependencies": { "node-api-headers": "^1.5.0" } }, "sha512-39QwMVaRwJJjAawwfADsLCKWb+B5jZQRIgz/Bou15xsQ9ZLhu1kb35YISkHgg8hZa/mqUrwvyBVpIW7o6Ivixg=="],

    "s-expression": ["s-expression@github:fwg/s-expression#1a20d27", {}, "fwg-s-expression-1a20d27"],

    "undici-types": ["undici-types@6.21.0", "", {}, "sha512-iwDZqg0QAGrg9Rav5H4n0M64c3mkR59cJ6wQp+7C4nI0gsmExaedaYLNO44eT4AtBBwjbTiGPMlt2Md0T9H9JQ=="],

    "zigar-compiler": ["zigar-compiler@0.14.0", "", {}, "sha512-c4PjA89scL236Zg5QQDUmFD+EzV68ODI8i6shWxehncEN9t5dPXaPvg0lammVRlN57bcilla2ieWCBoxVZhHLg=="],
  }
}
