lockfileVersion: '9.0'

settings:
  autoInstallPeers: true
  excludeLinksFromLockfile: false

importers:

  .:
    dependencies:
      zigar-runtime:
        specifier: ^0.13.2
        version: 0.13.2
    devDependencies:
      '@swc-node/register':
        specifier: ^1.10.9
        version: 1.10.9(@swc/core@1.7.35)(@swc/types@0.1.13)(typescript@5.6.3)
      '@types/node':
        specifier: ^22.7.5
        version: 22.7.5
      node-zigar:
        specifier: ^0.13.2
        version: 0.13.2

packages:

  '@emnapi/core@1.3.1':
    resolution: {integrity: sha512-pVGjBIt1Y6gg3EJN8jTcfpP/+uuRksIo055oE/OBkDNcjZqVbfkWCksG1Jp4yZnj3iKWyWX8fdG/j6UDYPbFog==}

  '@emnapi/runtime@1.3.1':
    resolution: {integrity: sha512-kEBmG8KyqtxJZv+ygbEim+KCGtIq1fC22Ms3S4ziXmYKm8uyoLX0MHONVKwp+9opg390VaKRNt4a7A9NwmpNhw==}

  '@emnapi/wasi-threads@1.0.1':
    resolution: {integrity: sha512-iIBu7mwkq4UQGeMEM8bLwNK962nXdhodeScX4slfQnRhEMMzvYivHhutCIk8uojvmASXXPC2WNEjwxFWk72Oqw==}

  '@napi-rs/wasm-runtime@0.2.5':
    resolution: {integrity: sha512-kwUxR7J9WLutBbulqg1dfOrMTwhMdXLdcGUhcbCcGwnPLt3gz19uHVdwH1syKVDbE022ZS2vZxOWflFLS0YTjw==}

  '@oxc-resolver/binding-darwin-arm64@1.12.0':
    resolution: {integrity: sha512-wYe+dlF8npM7cwopOOxbdNjtmJp17e/xF5c0K2WooQXy5VOh74icydM33+Uh/SZDgwyum09/U1FVCX5GdeQk+A==}
    cpu: [arm64]
    os: [darwin]

  '@oxc-resolver/binding-darwin-x64@1.12.0':
    resolution: {integrity: sha512-FZxxp99om+SlvBr1cjzF8A3TjYcS0BInCqjUlM+2f9m9bPTR2Bng9Zq5Q09ZQyrKJjfGKqlOEHs3akuVOnrx3Q==}
    cpu: [x64]
    os: [darwin]

  '@oxc-resolver/binding-freebsd-x64@1.12.0':
    resolution: {integrity: sha512-BZi0iU6IEOnXGSkqt1OjTTkN9wfyaK6kTpQwL/axl8eCcNDc7wbv1vloHgILf7ozAY1TP75nsLYlASYI4B5kGA==}
    cpu: [x64]
    os: [freebsd]

  '@oxc-resolver/binding-linux-arm-gnueabihf@1.12.0':
    resolution: {integrity: sha512-L2qnMEnZAqxbG9b1J3di/w/THIm+1fMVfbbTMWIQNMMXdMeqqDN6ojnOLDtuP564rAh4TBFPdLyEfGhMz6ipNA==}
    cpu: [arm]
    os: [linux]

  '@oxc-resolver/binding-linux-arm64-gnu@1.12.0':
    resolution: {integrity: sha512-otVbS4zeo3n71zgGLBYRTriDzc0zpruC0WI3ICwjpIk454cLwGV0yzh4jlGYWQJYJk0BRAmXFd3ooKIF+bKBHw==}
    cpu: [arm64]
    os: [linux]

  '@oxc-resolver/binding-linux-arm64-musl@1.12.0':
    resolution: {integrity: sha512-IStQDjIT7Lzmqg1i9wXvPL/NsYsxF24WqaQFS8b8rxra+z0VG7saBOsEnOaa4jcEY8MVpLYabFhTV+fSsA2vnA==}
    cpu: [arm64]
    os: [linux]

  '@oxc-resolver/binding-linux-x64-gnu@1.12.0':
    resolution: {integrity: sha512-SipT7EVORz8pOQSFwemOm91TpSiBAGmOjG830/o+aLEsvQ4pEy223+SAnCfITh7+AahldYsJnVoIs519jmIlKQ==}
    cpu: [x64]
    os: [linux]

  '@oxc-resolver/binding-linux-x64-musl@1.12.0':
    resolution: {integrity: sha512-mGh0XfUzKdn+WFaqPacziNraCWL5znkHRfQVxG9avGS9zb2KC/N1EBbPzFqutDwixGDP54r2gx4q54YCJEZ4iQ==}
    cpu: [x64]
    os: [linux]

  '@oxc-resolver/binding-wasm32-wasi@1.12.0':
    resolution: {integrity: sha512-SZN6v7apKmQf/Vwiqb6e/s3Y2Oacw8uW8V2i1AlxtyaEFvnFE0UBn89zq6swEwE3OCajNWs0yPvgAXUMddYc7Q==}
    engines: {node: '>=14.0.0'}
    cpu: [wasm32]

  '@oxc-resolver/binding-win32-arm64-msvc@1.12.0':
    resolution: {integrity: sha512-GRe4bqCfFsyghruEn5bv47s9w3EWBdO2q72xCz5kpQ0LWbw+enPHtTjw3qX5PUcFYpKykM55FaO0hFDs1yzatw==}
    cpu: [arm64]
    os: [win32]

  '@oxc-resolver/binding-win32-x64-msvc@1.12.0':
    resolution: {integrity: sha512-Z3llHH0jfJP4mlWq3DT7bK6qV+/vYe0+xzCgfc67+Tc/U3eYndujl880bexeGdGNPh87JeYznpZAOJ44N7QVVQ==}
    cpu: [x64]
    os: [win32]

  '@swc-node/core@1.13.3':
    resolution: {integrity: sha512-OGsvXIid2Go21kiNqeTIn79jcaX4l0G93X2rAnas4LFoDyA9wAwVK7xZdm+QsKoMn5Mus2yFLCc4OtX2dD/PWA==}
    engines: {node: '>= 10'}
    peerDependencies:
      '@swc/core': '>= 1.4.13'
      '@swc/types': '>= 0.1'

  '@swc-node/register@1.10.9':
    resolution: {integrity: sha512-iXy2sjP0phPEpK2yivjRC3PAgoLaT4sjSk0LDWCTdcTBJmR4waEog0E6eJbvoOkLkOtWw37SB8vCkl/bbh4+8A==}
    peerDependencies:
      '@swc/core': '>= 1.4.13'
      typescript: '>= 4.3'

  '@swc-node/sourcemap-support@0.5.1':
    resolution: {integrity: sha512-JxIvIo/Hrpv0JCHSyRpetAdQ6lB27oFYhv0PKCNf1g2gUXOjpeR1exrXccRxLMuAV5WAmGFBwRnNOJqN38+qtg==}

  '@swc/core-darwin-arm64@1.7.35':
    resolution: {integrity: sha512-BQSSozVxjxS+SVQz6e3GC/+OBWGIK3jfe52pWdANmycdjF3ch7lrCKTHTU7eHwyoJ96mofszPf5AsiVJF34Fwg==}
    engines: {node: '>=10'}
    cpu: [arm64]
    os: [darwin]

  '@swc/core-darwin-x64@1.7.35':
    resolution: {integrity: sha512-44TYdKN/EWtkU88foXR7IGki9JzhEJzaFOoPevfi9Xe7hjAD/x2+AJOWWqQNzDPMz9+QewLdUVLyR6s5okRgtg==}
    engines: {node: '>=10'}
    cpu: [x64]
    os: [darwin]

  '@swc/core-linux-arm-gnueabihf@1.7.35':
    resolution: {integrity: sha512-ccfA5h3zxwioD+/z/AmYtkwtKz9m4rWTV7RoHq6Jfsb0cXHrd6tbcvgqRWXra1kASlE+cDWsMtEZygs9dJRtUQ==}
    engines: {node: '>=10'}
    cpu: [arm]
    os: [linux]

  '@swc/core-linux-arm64-gnu@1.7.35':
    resolution: {integrity: sha512-hx65Qz+G4iG/IVtxJKewC5SJdki8PAPFGl6gC/57Jb0+jA4BIoGLD/J3Q3rCPeoHfdqpkCYpahtyUq8CKx41Jg==}
    engines: {node: '>=10'}
    cpu: [arm64]
    os: [linux]

  '@swc/core-linux-arm64-musl@1.7.35':
    resolution: {integrity: sha512-kL6tQL9No7UEoEvDRuPxzPTpxrvbwYteNRbdChSSP74j13/55G2/2hLmult5yFFaWuyoyU/2lvzjRL/i8OLZxg==}
    engines: {node: '>=10'}
    cpu: [arm64]
    os: [linux]

  '@swc/core-linux-x64-gnu@1.7.35':
    resolution: {integrity: sha512-Ke4rcLQSwCQ2LHdJX1FtnqmYNQ3IX6BddKlUtS7mcK13IHkQzZWp0Dcu6MgNA3twzb/dBpKX5GLy07XdGgfmyw==}
    engines: {node: '>=10'}
    cpu: [x64]
    os: [linux]

  '@swc/core-linux-x64-musl@1.7.35':
    resolution: {integrity: sha512-T30tlLnz0kYyDFyO5RQF5EQ4ENjW9+b56hEGgFUYmfhFhGA4E4V67iEx7KIG4u0whdPG7oy3qjyyIeTb7nElEw==}
    engines: {node: '>=10'}
    cpu: [x64]
    os: [linux]

  '@swc/core-win32-arm64-msvc@1.7.35':
    resolution: {integrity: sha512-CfM/k8mvtuMyX+okRhemfLt784PLS0KF7Q9djA8/Dtavk0L5Ghnq+XsGltO3d8B8+XZ7YOITsB14CrjehzeHsg==}
    engines: {node: '>=10'}
    cpu: [arm64]
    os: [win32]

  '@swc/core-win32-ia32-msvc@1.7.35':
    resolution: {integrity: sha512-ATB3uuH8j/RmS64EXQZJSbo2WXfRNpTnQszHME/sGaexsuxeijrp3DTYSFAA3R2Bu6HbIIX6jempe1Au8I3j+A==}
    engines: {node: '>=10'}
    cpu: [ia32]
    os: [win32]

  '@swc/core-win32-x64-msvc@1.7.35':
    resolution: {integrity: sha512-iDGfQO1571NqWUXtLYDhwIELA/wadH42ioGn+J9R336nWx40YICzy9UQyslWRhqzhQ5kT+QXAW/MoCWc058N6Q==}
    engines: {node: '>=10'}
    cpu: [x64]
    os: [win32]

  '@swc/core@1.7.35':
    resolution: {integrity: sha512-3cUteCTbr2r5jqfgx0r091sfq5Mgh6F1SQh8XAOnSvtKzwv2bC31mvBHVAieD1uPa2kHJhLav20DQgXOhpEitw==}
    engines: {node: '>=10'}
    peerDependencies:
      '@swc/helpers': '*'
    peerDependenciesMeta:
      '@swc/helpers':
        optional: true

  '@swc/counter@0.1.3':
    resolution: {integrity: sha512-e2BR4lsJkkRlKZ/qCHPw9ZaSxc0MVUd7gtbtaB7aMvHeJVYe8sOB8DBZkP2DtISHGSku9sCK6T6cnY0CtXrOCQ==}

  '@swc/types@0.1.13':
    resolution: {integrity: sha512-JL7eeCk6zWCbiYQg2xQSdLXQJl8Qoc9rXmG2cEKvHe3CKwMHwHGpfOb8frzNLmbycOo6I51qxnLnn9ESf4I20Q==}

  '@tybys/wasm-util@0.9.0':
    resolution: {integrity: sha512-6+7nlbMVX/PVDCwaIQ8nTOPveOcFLSt8GcXdx8hD0bt39uWxYT88uXzqTd4fTvqta7oeUJqudepapKNt2DYJFw==}

  '@types/node@22.7.5':
    resolution: {integrity: sha512-jML7s2NAzMWc//QSJ1a3prpk78cOPchGvXJsC3C6R6PSMoooztvRVQEz89gmBTBY1SPMaqo5teB4uNHPdetShQ==}

  buffer-from@1.1.2:
    resolution: {integrity: sha512-E+XQCRwSbaaiChtv6k6Dwgc+bx+Bs6vuKJHHl5kox/BaKbhiXzqQOwK4cO22yElGp2OCmjwVhT3HmxgyPGnJfQ==}

  colorette@2.0.20:
    resolution: {integrity: sha512-IfEDxwoWIjkeXL1eXcDiow4UbKjhLdq6/EuSVR9GMN7KVH3r9gQ83e73hsz1Nd1T3ijd5xv1wcWRYO+D6kCI2w==}

  debug@4.3.7:
    resolution: {integrity: sha512-Er2nc/H7RrMXZBFCEim6TCmMk02Z8vLC2Rbi1KEBggpo0fS6l0S1nnapwmIi3yW/+GOJap1Krg4w0Hg80oCqgQ==}
    engines: {node: '>=6.0'}
    peerDependencies:
      supports-color: '*'
    peerDependenciesMeta:
      supports-color:
        optional: true

  ms@2.1.3:
    resolution: {integrity: sha512-6FlzubTLZG3J2a/NVCAleEhjzq5oxgHyaCU9yYXvcLsvoVaHJq/s5xXI6/XXP6tz7R9xAOtHnSO/tXtF3WRTlA==}

  node-api-headers@1.3.0:
    resolution: {integrity: sha512-8Bviwtw4jNhv0B2qDjj4M5e6GyAuGtxsmZTrFJu3S3Z0+oHwIgSUdIKkKJmZd+EbMo7g3v4PLBbrjxwmZOqMBg==}

  node-zigar-addon@0.13.2:
    resolution: {integrity: sha512-3/7dLz8q0TqD+rhJXuFsg7EVPncuAc/Vcbm2ujajKYoP/l097E9cff5pgKjZfwdLYQFaFzyZbmy8t4LI5GzHYA==}

  node-zigar@0.13.2:
    resolution: {integrity: sha512-cARRpRQcoY3hYzWUz5nzrjBHdIca26UAErmYKATqMcVKJ8YmCnnae3dn+JmVn8C5MiUBmkhnqQGZZFQ4K6YqVg==}
    hasBin: true

  oxc-resolver@1.12.0:
    resolution: {integrity: sha512-YlaCIArvWNKCWZFRrMjhh2l5jK80eXnpYP+bhRc1J/7cW3TiyEY0ngJo73o/5n8hA3+4yLdTmXLNTQ3Ncz50LQ==}

  pirates@4.0.6:
    resolution: {integrity: sha512-saLsH7WeYYPiD25LDuLRRY/i+6HaPYr6G1OUlN39otzkSTxKnubR9RTxS3/Kk50s1g2JTgFwWQDQyplC5/SHZg==}
    engines: {node: '>= 6'}

  source-map-support@0.5.21:
    resolution: {integrity: sha512-uBHU3L3czsIyYXKX88fdrGovxdSCoTGDRZ6SYXtSRxLZUzHg5P/66Ht6uoUlHu9EZod+inXhKo3qQgwXUT/y1w==}

  source-map@0.6.1:
    resolution: {integrity: sha512-UjgapumWlbMhkBgzT7Ykc5YXUT46F0iKu8SGXq0bcwP5dz/h0Plj6enJqjz1Zbq2l5WaqYnrVbwWOWMyF3F47g==}
    engines: {node: '>=0.10.0'}

  tslib@2.7.0:
    resolution: {integrity: sha512-gLXCKdN1/j47AiHiOkJN69hJmcbGTHI0ImLmbYLHykhgeN0jVGola9yVjFgzCUklsZQMW55o+dW7IXv3RCXDzA==}

  typescript@5.6.3:
    resolution: {integrity: sha512-hjcS1mhfuyi4WW8IWtjP7brDrG2cuDZukyrYrSauoXGNgx0S7zceP07adYkJycEr56BOUTNPzbInooiN3fn1qw==}
    engines: {node: '>=14.17'}
    hasBin: true

  undici-types@6.19.8:
    resolution: {integrity: sha512-ve2KP6f/JnbPBFyobGHuerC9g1FYGn/F8n1LWTwNxCEzd6IfqTwUQcNXgEtmmQ6DlRrC1hrSrBnCZPokRrDHjw==}

  zigar-compiler@0.13.2:
    resolution: {integrity: sha512-Fd1WouXy7EyWxmVUKR2JmizGP0cfT6Z9bzvcW0eKM5jfH1J4MLtK/Lf4x2hW13mEbHurD4TzAQyNiFL1mwe2nQ==}

  zigar-runtime@0.13.2:
    resolution: {integrity: sha512-l2kQOVehiawttaeNtNhex5rt/VkH39Rv0z1D4Dojhl3AHJk1DXV93kbIZAfXk4bwCgArvChNf4Pt521d6BF+fg==}

snapshots:

  '@emnapi/core@1.3.1':
    dependencies:
      '@emnapi/wasi-threads': 1.0.1
      tslib: 2.7.0
    optional: true

  '@emnapi/runtime@1.3.1':
    dependencies:
      tslib: 2.7.0
    optional: true

  '@emnapi/wasi-threads@1.0.1':
    dependencies:
      tslib: 2.7.0
    optional: true

  '@napi-rs/wasm-runtime@0.2.5':
    dependencies:
      '@emnapi/core': 1.3.1
      '@emnapi/runtime': 1.3.1
      '@tybys/wasm-util': 0.9.0
    optional: true

  '@oxc-resolver/binding-darwin-arm64@1.12.0':
    optional: true

  '@oxc-resolver/binding-darwin-x64@1.12.0':
    optional: true

  '@oxc-resolver/binding-freebsd-x64@1.12.0':
    optional: true

  '@oxc-resolver/binding-linux-arm-gnueabihf@1.12.0':
    optional: true

  '@oxc-resolver/binding-linux-arm64-gnu@1.12.0':
    optional: true

  '@oxc-resolver/binding-linux-arm64-musl@1.12.0':
    optional: true

  '@oxc-resolver/binding-linux-x64-gnu@1.12.0':
    optional: true

  '@oxc-resolver/binding-linux-x64-musl@1.12.0':
    optional: true

  '@oxc-resolver/binding-wasm32-wasi@1.12.0':
    dependencies:
      '@napi-rs/wasm-runtime': 0.2.5
    optional: true

  '@oxc-resolver/binding-win32-arm64-msvc@1.12.0':
    optional: true

  '@oxc-resolver/binding-win32-x64-msvc@1.12.0':
    optional: true

  '@swc-node/core@1.13.3(@swc/core@1.7.35)(@swc/types@0.1.13)':
    dependencies:
      '@swc/core': 1.7.35
      '@swc/types': 0.1.13

  '@swc-node/register@1.10.9(@swc/core@1.7.35)(@swc/types@0.1.13)(typescript@5.6.3)':
    dependencies:
      '@swc-node/core': 1.13.3(@swc/core@1.7.35)(@swc/types@0.1.13)
      '@swc-node/sourcemap-support': 0.5.1
      '@swc/core': 1.7.35
      colorette: 2.0.20
      debug: 4.3.7
      oxc-resolver: 1.12.0
      pirates: 4.0.6
      tslib: 2.7.0
      typescript: 5.6.3
    transitivePeerDependencies:
      - '@swc/types'
      - supports-color

  '@swc-node/sourcemap-support@0.5.1':
    dependencies:
      source-map-support: 0.5.21
      tslib: 2.7.0

  '@swc/core-darwin-arm64@1.7.35':
    optional: true

  '@swc/core-darwin-x64@1.7.35':
    optional: true

  '@swc/core-linux-arm-gnueabihf@1.7.35':
    optional: true

  '@swc/core-linux-arm64-gnu@1.7.35':
    optional: true

  '@swc/core-linux-arm64-musl@1.7.35':
    optional: true

  '@swc/core-linux-x64-gnu@1.7.35':
    optional: true

  '@swc/core-linux-x64-musl@1.7.35':
    optional: true

  '@swc/core-win32-arm64-msvc@1.7.35':
    optional: true

  '@swc/core-win32-ia32-msvc@1.7.35':
    optional: true

  '@swc/core-win32-x64-msvc@1.7.35':
    optional: true

  '@swc/core@1.7.35':
    dependencies:
      '@swc/counter': 0.1.3
      '@swc/types': 0.1.13
    optionalDependencies:
      '@swc/core-darwin-arm64': 1.7.35
      '@swc/core-darwin-x64': 1.7.35
      '@swc/core-linux-arm-gnueabihf': 1.7.35
      '@swc/core-linux-arm64-gnu': 1.7.35
      '@swc/core-linux-arm64-musl': 1.7.35
      '@swc/core-linux-x64-gnu': 1.7.35
      '@swc/core-linux-x64-musl': 1.7.35
      '@swc/core-win32-arm64-msvc': 1.7.35
      '@swc/core-win32-ia32-msvc': 1.7.35
      '@swc/core-win32-x64-msvc': 1.7.35

  '@swc/counter@0.1.3': {}

  '@swc/types@0.1.13':
    dependencies:
      '@swc/counter': 0.1.3

  '@tybys/wasm-util@0.9.0':
    dependencies:
      tslib: 2.7.0
    optional: true

  '@types/node@22.7.5':
    dependencies:
      undici-types: 6.19.8

  buffer-from@1.1.2: {}

  colorette@2.0.20: {}

  debug@4.3.7:
    dependencies:
      ms: 2.1.3

  ms@2.1.3: {}

  node-api-headers@1.3.0: {}

  node-zigar-addon@0.13.2:
    dependencies:
      node-api-headers: 1.3.0

  node-zigar@0.13.2:
    dependencies:
      node-zigar-addon: 0.13.2
      zigar-compiler: 0.13.2

  oxc-resolver@1.12.0:
    optionalDependencies:
      '@oxc-resolver/binding-darwin-arm64': 1.12.0
      '@oxc-resolver/binding-darwin-x64': 1.12.0
      '@oxc-resolver/binding-freebsd-x64': 1.12.0
      '@oxc-resolver/binding-linux-arm-gnueabihf': 1.12.0
      '@oxc-resolver/binding-linux-arm64-gnu': 1.12.0
      '@oxc-resolver/binding-linux-arm64-musl': 1.12.0
      '@oxc-resolver/binding-linux-x64-gnu': 1.12.0
      '@oxc-resolver/binding-linux-x64-musl': 1.12.0
      '@oxc-resolver/binding-wasm32-wasi': 1.12.0
      '@oxc-resolver/binding-win32-arm64-msvc': 1.12.0
      '@oxc-resolver/binding-win32-x64-msvc': 1.12.0

  pirates@4.0.6: {}

  source-map-support@0.5.21:
    dependencies:
      buffer-from: 1.1.2
      source-map: 0.6.1

  source-map@0.6.1: {}

  tslib@2.7.0: {}

  typescript@5.6.3: {}

  undici-types@6.19.8: {}

  zigar-compiler@0.13.2: {}

  zigar-runtime@0.13.2: {}
